
Microsoft Visual Studio Solution File, Format Version 12.00
# Visual Studio Version 17
VisualStudioVersion = 17.11.35327.3
MinimumVisualStudioVersion = 10.0.40219.1
Project("{9A19103F-16F7-4668-BE54-9A1E7A4F7556}") = "WorkingWithVisualStudio", "WorkingWithVisualStudio\WorkingWithVisualStudio.csproj", "{03BB3B1D-907B-42A0-A557-7509D79A2015}"
EndProject
Project("{FAE04EC0-301F-11D3-BF4B-00C04F79EFBC}") = "WorkingWithVisualStudio.Tests", "WorkingWithVisualStudio.Tests\WorkingWithVisualStudio.Tests.csproj", "{FB45499E-AF4E-4C5A-9A7F-5744CFED7646}"
EndProject
Global
	GlobalSection(SolutionConfigurationPlatforms) = preSolution
		Debug|Any CPU = Debug|Any CPU
		Release|Any CPU = Release|Any CPU
	EndGlobalSection
	GlobalSection(ProjectConfigurationPlatforms) = postSolution
		{03BB3B1D-907B-42A0-A557-7509D79A2015}.Debug|Any CPU.ActiveCfg = Debug|Any CPU
		{03BB3B1D-907B-42A0-A557-7509D79A2015}.Debug|Any CPU.Build.0 = Debug|Any CPU
		{03BB3B1D-907B-42A0-A557-7509D79A2015}.Release|Any CPU.ActiveCfg = Release|Any CPU
		{03BB3B1D-907B-42A0-A557-7509D79A2015}.Release|Any CPU.Build.0 = Release|Any CPU
		{FB45499E-AF4E-4C5A-9A7F-5744CFED7646}.Debug|Any CPU.ActiveCfg = Debug|Any CPU
		{FB45499E-AF4E-4C5A-9A7F-5744CFED7646}.Debug|Any CPU.Build.0 = Debug|Any CPU
		{FB45499E-AF4E-4C5A-9A7F-5744CFED7646}.Release|Any CPU.ActiveCfg = Release|Any CPU
		{FB45499E-AF4E-4C5A-9A7F-5744CFED7646}.Release|Any CPU.Build.0 = Release|Any CPU
	EndGlobalSection
	GlobalSection(SolutionProperties) = preSolution
		HideSolutionNode = FALSE
	EndGlobalSection
	GlobalSection(ExtensibilityGlobals) = postSolution
		SolutionGuid = {5FC16C6E-B9A6-4125-817A-A3CFD1E89C16}
	EndGlobalSection
EndGlobal
